Microsoft Visual Studio Solution File, Format Version 12.00
# Visual Studio Version 17
VisualStudioVersion = 17.5.2.0
MinimumVisualStudioVersion = 10.0.40219.1
Project("{FAE04EC0-301F-11D3-BF4B-00C04F79EFBC}") = "GroceryDeliveryAPI", "GroceryDeliveryAPI.csproj", "{4735CFD7-3B61-7C0A-9B87-9EE85C694067}"
EndProject
Global
	GlobalSection(SolutionConfigurationPlatforms) = preSolution
		Debug|Any CPU = Debug|Any CPU
		Release|Any CPU = Release|Any CPU
	EndGlobalSection
	GlobalSection(ProjectConfigurationPlatforms) = postSolution
		{4735CFD7-3B61-7C0A-9B87-9EE85C694067}.Debug|Any CPU.ActiveCfg = Debug|Any CPU
		{4735CFD7-3B61-7C0A-9B87-9EE85C694067}.Debug|Any CPU.Build.0 = Debug|Any CPU
		{4735CFD7-3B61-7C0A-9B87-9EE85C694067}.Release|Any CPU.ActiveCfg = Release|Any CPU
		{4735CFD7-3B61-7C0A-9B87-9EE85C694067}.Release|Any CPU.Build.0 = Release|Any CPU
	EndGlobalSection
	GlobalSection(SolutionProperties) = preSolution
		HideSolutionNode = FALSE
	EndGlobalSection
	GlobalSection(ExtensibilityGlobals) = postSolution
		SolutionGuid = {FEEE7929-F748-42B1-AF6F-ADFF35FE5413}
	EndGlobalSection
EndGlobal
